Microsoft Visual Studio Solution File, Format Version 12.00
# Visual Studio Express 2012 for Windows Desktop
Project("{8BC9CEB8-8B4A-11D0-8D11-00A0C91BC942}") = "paralution", "paralution_omp\paralution_omp_VS12.vcxproj", "{2B1A1F04-4666-4958-86AA-49AD06186A45}"
EndProject
Project("{8BC9CEB8-8B4A-11D0-8D11-00A0C91BC942}") = "cg", "cg\cg_VS12.vcxproj", "{70EC65F5-667A-4269-8616-3AE7817D90B7}"
EndProject
Project("{8BC9CEB8-8B4A-11D0-8D11-00A0C91BC942}") = "amg", "amg\amg_VS12.vcxproj", "{1451B560-122C-4772-86A5-3256C6EE35AC}"
EndProject
Project("{8BC9CEB8-8B4A-11D0-8D11-00A0C91BC942}") = "as-precond", "as-precond\as-precond_VS12.vcxproj", "{BF55BBBE-8EB7-4F5F-AB91-858E62F7E41A}"
EndProject
Project("{8BC9CEB8-8B4A-11D0-8D11-00A0C91BC942}") = "async", "async\async_VS12.vcxproj", "{521E4C0A-4C22-4C47-B37F-D4C4F8CF504E}"
EndProject
Project("{8BC9CEB8-8B4A-11D0-8D11-00A0C91BC942}") = "benchmark", "benchmark\benchmark_VS12.vcxproj", "{F433309C-527A-4E16-A6A1-FC166908FBCA}"
EndProject
Project("{8BC9CEB8-8B4A-11D0-8D11-00A0C91BC942}") = "bicgstab", "bicgstab\bicgstab_VS12.vcxproj", "{C1D35F91-4201-483E-8DE5-826221B30C2E}"
EndProject
Project("{8BC9CEB8-8B4A-11D0-8D11-00A0C91BC942}") = "block-precond", "block-precond\block-precond_VS12.vcxproj", "{C746CC20-783B-4D49-832C-FE231582DCAD}"
EndProject
Project("{8BC9CEB8-8B4A-11D0-8D11-00A0C91BC942}") = "cg-amg", "cg-amg\cg-amg_VS12.vcxproj", "{EAEADE02-D0D8-4A84-AA1B-874E27DFDB12}"
EndProject
Project("{8BC9CEB8-8B4A-11D0-8D11-00A0C91BC942}") = "cmk", "cmk\cmk_VS12.vcxproj", "{DE409AD0-CB7C-4662-BCD7-1FBAC397FAC9}"
EndProject
Project("{8BC9CEB8-8B4A-11D0-8D11-00A0C91BC942}") = "complex", "complex\complex_VS12.vcxproj", "{76C8D480-9D2B-4AAA-9C0B-18AC973B4027}"
EndProject
Project("{8BC9CEB8-8B4A-11D0-8D11-00A0C91BC942}") = "direct", "direct\direct_VS12.vcxproj", "{20CFB0EE-49B7-43AA-9E8E-B92CD453325C}"
EndProject
Project("{8BC9CEB8-8B4A-11D0-8D11-00A0C91BC942}") = "fixed-point", "fixed-point\fixed-point_VS12.vcxproj", "{02A9607B-82C6-4CE6-AC45-D02050D94665}"
EndProject
Project("{8BC9CEB8-8B4A-11D0-8D11-00A0C91BC942}") = "gmres", "gmres\gmres_VS12.vcxproj", "{5D3ED03A-5E44-4E4A-88F7-8BC1B7477631}"
EndProject
Project("{8BC9CEB8-8B4A-11D0-8D11-00A0C91BC942}") = "idr", "idr\idr_VS12.vcxproj", "{DCD9C61A-B3A3-4D6E-AB29-50A36592D577}"
EndProject
Project("{8BC9CEB8-8B4A-11D0-8D11-00A0C91BC942}") = "me-preconditioner", "me-preconditioner\me-preconditioner_VS12.vcxproj", "{1D8503C0-676C-4E93-A35B-BBF1DB79B8AB}"
EndProject
Project("{8BC9CEB8-8B4A-11D0-8D11-00A0C91BC942}") = "mixed-precision", "mixed-precision\mixed-precision_VS12.vcxproj", "{91AEEE8C-2D7B-47B1-A03E-1E7AE788F83F}"
EndProject
Project("{8BC9CEB8-8B4A-11D0-8D11-00A0C91BC942}") = "power-method", "power-method\power-method_VS12.vcxproj", "{937F57B6-AD7C-4758-9885-7654C5F9D698}"
EndProject
Project("{8BC9CEB8-8B4A-11D0-8D11-00A0C91BC942}") = "simple-spmv", "simple-spmv\simple-spmv_VS12.vcxproj", "{5FE1F8F7-2069-4A7E-A2B9-12C885035F16}"
EndProject
Project("{8BC9CEB8-8B4A-11D0-8D11-00A0C91BC942}") = "sp-precond", "sp-precond\sp-precond_VS12.vcxproj", "{D6B0BE94-C10D-4372-8F47-A52B8991E092}"
EndProject
Project("{8BC9CEB8-8B4A-11D0-8D11-00A0C91BC942}") = "stencil", "stencil\stencil_VS12.vcxproj", "{33E6E2F2-A963-4A23-9144-EE5136CEE9B0}"
EndProject
Project("{8BC9CEB8-8B4A-11D0-8D11-00A0C91BC942}") = "tns", "tns\tns_VS12.vcxproj", "{99D54253-53C7-454C-93AA-E5B35F2A6583}"
EndProject
Global
	GlobalSection(SolutionConfigurationPlatforms) = preSolution
		Debug|Win32 = Debug|Win32
		Debug|x64 = Debug|x64
		Release|Win32 = Release|Win32
		Release|x64 = Release|x64
	EndGlobalSection
	GlobalSection(ProjectConfigurationPlatforms) = postSolution
		{2B1A1F04-4666-4958-86AA-49AD06186A45}.Debug|Win32.ActiveCfg = Debug|Win32
		{2B1A1F04-4666-4958-86AA-49AD06186A45}.Debug|Win32.Build.0 = Debug|Win32
		{2B1A1F04-4666-4958-86AA-49AD06186A45}.Debug|x64.ActiveCfg = Debug|x64
		{2B1A1F04-4666-4958-86AA-49AD06186A45}.Debug|x64.Build.0 = Debug|x64
		{2B1A1F04-4666-4958-86AA-49AD06186A45}.Release|Win32.ActiveCfg = Release|Win32
		{2B1A1F04-4666-4958-86AA-49AD06186A45}.Release|Win32.Build.0 = Release|Win32
		{2B1A1F04-4666-4958-86AA-49AD06186A45}.Release|x64.ActiveCfg = Release|x64
		{2B1A1F04-4666-4958-86AA-49AD06186A45}.Release|x64.Build.0 = Release|x64
		{70EC65F5-667A-4269-8616-3AE7817D90B7}.Debug|Win32.ActiveCfg = Debug|Win32
		{70EC65F5-667A-4269-8616-3AE7817D90B7}.Debug|Win32.Build.0 = Debug|Win32
		{70EC65F5-667A-4269-8616-3AE7817D90B7}.Debug|x64.ActiveCfg = Debug|x64
		{70EC65F5-667A-4269-8616-3AE7817D90B7}.Debug|x64.Build.0 = Debug|x64
		{70EC65F5-667A-4269-8616-3AE7817D90B7}.Release|Win32.ActiveCfg = Release|Win32
		{70EC65F5-667A-4269-8616-3AE7817D90B7}.Release|Win32.Build.0 = Release|Win32
		{70EC65F5-667A-4269-8616-3AE7817D90B7}.Release|x64.ActiveCfg = Release|x64
		{70EC65F5-667A-4269-8616-3AE7817D90B7}.Release|x64.Build.0 = Release|x64
		{1451B560-122C-4772-86A5-3256C6EE35AC}.Debug|Win32.ActiveCfg = Debug|Win32
		{1451B560-122C-4772-86A5-3256C6EE35AC}.Debug|Win32.Build.0 = Debug|Win32
		{1451B560-122C-4772-86A5-3256C6EE35AC}.Debug|x64.ActiveCfg = Debug|x64
		{1451B560-122C-4772-86A5-3256C6EE35AC}.Debug|x64.Build.0 = Debug|x64
		{1451B560-122C-4772-86A5-3256C6EE35AC}.Release|Win32.ActiveCfg = Release|Win32
		{1451B560-122C-4772-86A5-3256C6EE35AC}.Release|Win32.Build.0 = Release|Win32
		{1451B560-122C-4772-86A5-3256C6EE35AC}.Release|x64.ActiveCfg = Release|x64
		{1451B560-122C-4772-86A5-3256C6EE35AC}.Release|x64.Build.0 = Release|x64
		{BF55BBBE-8EB7-4F5F-AB91-858E62F7E41A}.Debug|Win32.ActiveCfg = Debug|Win32
		{BF55BBBE-8EB7-4F5F-AB91-858E62F7E41A}.Debug|Win32.Build.0 = Debug|Win32
		{BF55BBBE-8EB7-4F5F-AB91-858E62F7E41A}.Debug|x64.ActiveCfg = Debug|x64
		{BF55BBBE-8EB7-4F5F-AB91-858E62F7E41A}.Debug|x64.Build.0 = Debug|x64
		{BF55BBBE-8EB7-4F5F-AB91-858E62F7E41A}.Release|Win32.ActiveCfg = Release|Win32
		{BF55BBBE-8EB7-4F5F-AB91-858E62F7E41A}.Release|Win32.Build.0 = Release|Win32
		{BF55BBBE-8EB7-4F5F-AB91-858E62F7E41A}.Release|x64.ActiveCfg = Release|x64
		{BF55BBBE-8EB7-4F5F-AB91-858E62F7E41A}.Release|x64.Build.0 = Release|x64
		{521E4C0A-4C22-4C47-B37F-D4C4F8CF504E}.Debug|Win32.ActiveCfg = Debug|Win32
		{521E4C0A-4C22-4C47-B37F-D4C4F8CF504E}.Debug|Win32.Build.0 = Debug|Win32
		{521E4C0A-4C22-4C47-B37F-D4C4F8CF504E}.Debug|x64.ActiveCfg = Debug|x64
		{521E4C0A-4C22-4C47-B37F-D4C4F8CF504E}.Debug|x64.Build.0 = Debug|x64
		{521E4C0A-4C22-4C47-B37F-D4C4F8CF504E}.Release|Win32.ActiveCfg = Release|Win32
		{521E4C0A-4C22-4C47-B37F-D4C4F8CF504E}.Release|Win32.Build.0 = Release|Win32
		{521E4C0A-4C22-4C47-B37F-D4C4F8CF504E}.Release|x64.ActiveCfg = Release|x64
		{521E4C0A-4C22-4C47-B37F-D4C4F8CF504E}.Release|x64.Build.0 = Release|x64
		{F433309C-527A-4E16-A6A1-FC166908FBCA}.Debug|Win32.ActiveCfg = Debug|Win32
		{F433309C-527A-4E16-A6A1-FC166908FBCA}.Debug|Win32.Build.0 = Debug|Win32
		{F433309C-527A-4E16-A6A1-FC166908FBCA}.Debug|x64.ActiveCfg = Debug|x64
		{F433309C-527A-4E16-A6A1-FC166908FBCA}.Debug|x64.Build.0 = Debug|x64
		{F433309C-527A-4E16-A6A1-FC166908FBCA}.Release|Win32.ActiveCfg = Release|Win32
		{F433309C-527A-4E16-A6A1-FC166908FBCA}.Release|Win32.Build.0 = Release|Win32
		{F433309C-527A-4E16-A6A1-FC166908FBCA}.Release|x64.ActiveCfg = Release|x64
		{F433309C-527A-4E16-A6A1-FC166908FBCA}.Release|x64.Build.0 = Release|x64
		{C1D35F91-4201-483E-8DE5-826221B30C2E}.Debug|Win32.ActiveCfg = Debug|Win32
		{C1D35F91-4201-483E-8DE5-826221B30C2E}.Debug|Win32.Build.0 = Debug|Win32
		{C1D35F91-4201-483E-8DE5-826221B30C2E}.Debug|x64.ActiveCfg = Debug|x64
		{C1D35F91-4201-483E-8DE5-826221B30C2E}.Debug|x64.Build.0 = Debug|x64
		{C1D35F91-4201-483E-8DE5-826221B30C2E}.Release|Win32.ActiveCfg = Release|Win32
		{C1D35F91-4201-483E-8DE5-826221B30C2E}.Release|Win32.Build.0 = Release|Win32
		{C1D35F91-4201-483E-8DE5-826221B30C2E}.Release|x64.ActiveCfg = Release|x64
		{C1D35F91-4201-483E-8DE5-826221B30C2E}.Release|x64.Build.0 = Release|x64
		{C746CC20-783B-4D49-832C-FE231582DCAD}.Debug|Win32.ActiveCfg = Debug|Win32
		{C746CC20-783B-4D49-832C-FE231582DCAD}.Debug|Win32.Build.0 = Debug|Win32
		{C746CC20-783B-4D49-832C-FE231582DCAD}.Debug|x64.ActiveCfg = Debug|x64
		{C746CC20-783B-4D49-832C-FE231582DCAD}.Debug|x64.Build.0 = Debug|x64
		{C746CC20-783B-4D49-832C-FE231582DCAD}.Release|Win32.ActiveCfg = Release|Win32
		{C746CC20-783B-4D49-832C-FE231582DCAD}.Release|Win32.Build.0 = Release|Win32
		{C746CC20-783B-4D49-832C-FE231582DCAD}.Release|x64.ActiveCfg = Release|x64
		{C746CC20-783B-4D49-832C-FE231582DCAD}.Release|x64.Build.0 = Release|x64
		{EAEADE02-D0D8-4A84-AA1B-874E27DFDB12}.Debug|Win32.ActiveCfg = Debug|Win32
		{EAEADE02-D0D8-4A84-AA1B-874E27DFDB12}.Debug|Win32.Build.0 = Debug|Win32
		{EAEADE02-D0D8-4A84-AA1B-874E27DFDB12}.Debug|x64.ActiveCfg = Debug|x64
		{EAEADE02-D0D8-4A84-AA1B-874E27DFDB12}.Debug|x64.Build.0 = Debug|x64
		{EAEADE02-D0D8-4A84-AA1B-874E27DFDB12}.Release|Win32.ActiveCfg = Release|Win32
		{EAEADE02-D0D8-4A84-AA1B-874E27DFDB12}.Release|Win32.Build.0 = Release|Win32
		{EAEADE02-D0D8-4A84-AA1B-874E27DFDB12}.Release|x64.ActiveCfg = Release|x64
		{EAEADE02-D0D8-4A84-AA1B-874E27DFDB12}.Release|x64.Build.0 = Release|x64
		{DE409AD0-CB7C-4662-BCD7-1FBAC397FAC9}.Debug|Win32.ActiveCfg = Debug|Win32
		{DE409AD0-CB7C-4662-BCD7-1FBAC397FAC9}.Debug|Win32.Build.0 = Debug|Win32
		{DE409AD0-CB7C-4662-BCD7-1FBAC397FAC9}.Debug|x64.ActiveCfg = Debug|x64
		{DE409AD0-CB7C-4662-BCD7-1FBAC397FAC9}.Debug|x64.Build.0 = Debug|x64
		{DE409AD0-CB7C-4662-BCD7-1FBAC397FAC9}.Release|Win32.ActiveCfg = Release|Win32
		{DE409AD0-CB7C-4662-BCD7-1FBAC397FAC9}.Release|Win32.Build.0 = Release|Win32
		{DE409AD0-CB7C-4662-BCD7-1FBAC397FAC9}.Release|x64.ActiveCfg = Release|x64
		{DE409AD0-CB7C-4662-BCD7-1FBAC397FAC9}.Release|x64.Build.0 = Release|x64
		{76C8D480-9D2B-4AAA-9C0B-18AC973B4027}.Debug|Win32.ActiveCfg = Debug|Win32
		{76C8D480-9D2B-4AAA-9C0B-18AC973B4027}.Debug|Win32.Build.0 = Debug|Win32
		{76C8D480-9D2B-4AAA-9C0B-18AC973B4027}.Debug|x64.ActiveCfg = Debug|x64
		{76C8D480-9D2B-4AAA-9C0B-18AC973B4027}.Debug|x64.Build.0 = Debug|x64
		{76C8D480-9D2B-4AAA-9C0B-18AC973B4027}.Release|Win32.ActiveCfg = Release|Win32
		{76C8D480-9D2B-4AAA-9C0B-18AC973B4027}.Release|Win32.Build.0 = Release|Win32
		{76C8D480-9D2B-4AAA-9C0B-18AC973B4027}.Release|x64.ActiveCfg = Release|x64
		{76C8D480-9D2B-4AAA-9C0B-18AC973B4027}.Release|x64.Build.0 = Release|x64
		{20CFB0EE-49B7-43AA-9E8E-B92CD453325C}.Debug|Win32.ActiveCfg = Debug|Win32
		{20CFB0EE-49B7-43AA-9E8E-B92CD453325C}.Debug|Win32.Build.0 = Debug|Win32
		{20CFB0EE-49B7-43AA-9E8E-B92CD453325C}.Debug|x64.ActiveCfg = Debug|x64
		{20CFB0EE-49B7-43AA-9E8E-B92CD453325C}.Debug|x64.Build.0 = Debug|x64
		{20CFB0EE-49B7-43AA-9E8E-B92CD453325C}.Release|Win32.ActiveCfg = Release|Win32
		{20CFB0EE-49B7-43AA-9E8E-B92CD453325C}.Release|Win32.Build.0 = Release|Win32
		{20CFB0EE-49B7-43AA-9E8E-B92CD453325C}.Release|x64.ActiveCfg = Release|x64
		{20CFB0EE-49B7-43AA-9E8E-B92CD453325C}.Release|x64.Build.0 = Release|x64
		{02A9607B-82C6-4CE6-AC45-D02050D94665}.Debug|Win32.ActiveCfg = Debug|Win32
		{02A9607B-82C6-4CE6-AC45-D02050D94665}.Debug|Win32.Build.0 = Debug|Win32
		{02A9607B-82C6-4CE6-AC45-D02050D94665}.Debug|x64.ActiveCfg = Debug|x64
		{02A9607B-82C6-4CE6-AC45-D02050D94665}.Debug|x64.Build.0 = Debug|x64
		{02A9607B-82C6-4CE6-AC45-D02050D94665}.Release|Win32.ActiveCfg = Release|Win32
		{02A9607B-82C6-4CE6-AC45-D02050D94665}.Release|Win32.Build.0 = Release|Win32
		{02A9607B-82C6-4CE6-AC45-D02050D94665}.Release|x64.ActiveCfg = Release|x64
		{02A9607B-82C6-4CE6-AC45-D02050D94665}.Release|x64.Build.0 = Release|x64
		{5D3ED03A-5E44-4E4A-88F7-8BC1B7477631}.Debug|Win32.ActiveCfg = Debug|Win32
		{5D3ED03A-5E44-4E4A-88F7-8BC1B7477631}.Debug|Win32.Build.0 = Debug|Win32
		{5D3ED03A-5E44-4E4A-88F7-8BC1B7477631}.Debug|x64.ActiveCfg = Debug|x64
		{5D3ED03A-5E44-4E4A-88F7-8BC1B7477631}.Debug|x64.Build.0 = Debug|x64
		{5D3ED03A-5E44-4E4A-88F7-8BC1B7477631}.Release|Win32.ActiveCfg = Release|Win32
		{5D3ED03A-5E44-4E4A-88F7-8BC1B7477631}.Release|Win32.Build.0 = Release|Win32
		{5D3ED03A-5E44-4E4A-88F7-8BC1B7477631}.Release|x64.ActiveCfg = Release|x64
		{5D3ED03A-5E44-4E4A-88F7-8BC1B7477631}.Release|x64.Build.0 = Release|x64
		{DCD9C61A-B3A3-4D6E-AB29-50A36592D577}.Debug|Win32.ActiveCfg = Debug|Win32
		{DCD9C61A-B3A3-4D6E-AB29-50A36592D577}.Debug|Win32.Build.0 = Debug|Win32
		{DCD9C61A-B3A3-4D6E-AB29-50A36592D577}.Debug|x64.ActiveCfg = Debug|x64
		{DCD9C61A-B3A3-4D6E-AB29-50A36592D577}.Debug|x64.Build.0 = Debug|x64
		{DCD9C61A-B3A3-4D6E-AB29-50A36592D577}.Release|Win32.ActiveCfg = Release|Win32
		{DCD9C61A-B3A3-4D6E-AB29-50A36592D577}.Release|Win32.Build.0 = Release|Win32
		{DCD9C61A-B3A3-4D6E-AB29-50A36592D577}.Release|x64.ActiveCfg = Release|x64
		{DCD9C61A-B3A3-4D6E-AB29-50A36592D577}.Release|x64.Build.0 = Release|x64
		{1D8503C0-676C-4E93-A35B-BBF1DB79B8AB}.Debug|Win32.ActiveCfg = Debug|Win32
		{1D8503C0-676C-4E93-A35B-BBF1DB79B8AB}.Debug|Win32.Build.0 = Debug|Win32
		{1D8503C0-676C-4E93-A35B-BBF1DB79B8AB}.Debug|x64.ActiveCfg = Debug|x64
		{1D8503C0-676C-4E93-A35B-BBF1DB79B8AB}.Debug|x64.Build.0 = Debug|x64
		{1D8503C0-676C-4E93-A35B-BBF1DB79B8AB}.Release|Win32.ActiveCfg = Release|Win32
		{1D8503C0-676C-4E93-A35B-BBF1DB79B8AB}.Release|Win32.Build.0 = Release|Win32
		{1D8503C0-676C-4E93-A35B-BBF1DB79B8AB}.Release|x64.ActiveCfg = Release|x64
		{1D8503C0-676C-4E93-A35B-BBF1DB79B8AB}.Release|x64.Build.0 = Release|x64
		{91AEEE8C-2D7B-47B1-A03E-1E7AE788F83F}.Debug|Win32.ActiveCfg = Debug|Win32
		{91AEEE8C-2D7B-47B1-A03E-1E7AE788F83F}.Debug|Win32.Build.0 = Debug|Win32
		{91AEEE8C-2D7B-47B1-A03E-1E7AE788F83F}.Debug|x64.ActiveCfg = Debug|x64
		{91AEEE8C-2D7B-47B1-A03E-1E7AE788F83F}.Debug|x64.Build.0 = Debug|x64
		{91AEEE8C-2D7B-47B1-A03E-1E7AE788F83F}.Release|Win32.ActiveCfg = Release|Win32
		{91AEEE8C-2D7B-47B1-A03E-1E7AE788F83F}.Release|Win32.Build.0 = Release|Win32
		{91AEEE8C-2D7B-47B1-A03E-1E7AE788F83F}.Release|x64.ActiveCfg = Release|x64
		{91AEEE8C-2D7B-47B1-A03E-1E7AE788F83F}.Release|x64.Build.0 = Release|x64
		{937F57B6-AD7C-4758-9885-7654C5F9D698}.Debug|Win32.ActiveCfg = Debug|Win32
		{937F57B6-AD7C-4758-9885-7654C5F9D698}.Debug|Win32.Build.0 = Debug|Win32
		{937F57B6-AD7C-4758-9885-7654C5F9D698}.Debug|x64.ActiveCfg = Debug|x64
		{937F57B6-AD7C-4758-9885-7654C5F9D698}.Debug|x64.Build.0 = Debug|x64
		{937F57B6-AD7C-4758-9885-7654C5F9D698}.Release|Win32.ActiveCfg = Release|Win32
		{937F57B6-AD7C-4758-9885-7654C5F9D698}.Release|Win32.Build.0 = Release|Win32
		{937F57B6-AD7C-4758-9885-7654C5F9D698}.Release|x64.ActiveCfg = Release|x64
		{937F57B6-AD7C-4758-9885-7654C5F9D698}.Release|x64.Build.0 = Release|x64
		{5FE1F8F7-2069-4A7E-A2B9-12C885035F16}.Debug|Win32.ActiveCfg = Debug|Win32
		{5FE1F8F7-2069-4A7E-A2B9-12C885035F16}.Debug|Win32.Build.0 = Debug|Win32
		{5FE1F8F7-2069-4A7E-A2B9-12C885035F16}.Debug|x64.ActiveCfg = Debug|x64
		{5FE1F8F7-2069-4A7E-A2B9-12C885035F16}.Debug|x64.Build.0 = Debug|x64
		{5FE1F8F7-2069-4A7E-A2B9-12C885035F16}.Release|Win32.ActiveCfg = Release|Win32
		{5FE1F8F7-2069-4A7E-A2B9-12C885035F16}.Release|Win32.Build.0 = Release|Win32
		{5FE1F8F7-2069-4A7E-A2B9-12C885035F16}.Release|x64.ActiveCfg = Release|x64
		{5FE1F8F7-2069-4A7E-A2B9-12C885035F16}.Release|x64.Build.0 = Release|x64
		{69329640-B637-4EBD-B69D-29FE6EF5977C}.Debug|Win32.ActiveCfg = Debug|Win32
		{69329640-B637-4EBD-B69D-29FE6EF5977C}.Debug|Win32.Build.0 = Debug|Win32
		{69329640-B637-4EBD-B69D-29FE6EF5977C}.Debug|x64.ActiveCfg = Debug|x64
		{69329640-B637-4EBD-B69D-29FE6EF5977C}.Debug|x64.Build.0 = Debug|x64
		{69329640-B637-4EBD-B69D-29FE6EF5977C}.Release|Win32.ActiveCfg = Release|Win32
		{69329640-B637-4EBD-B69D-29FE6EF5977C}.Release|Win32.Build.0 = Release|Win32
		{69329640-B637-4EBD-B69D-29FE6EF5977C}.Release|x64.ActiveCfg = Release|x64
		{69329640-B637-4EBD-B69D-29FE6EF5977C}.Release|x64.Build.0 = Release|x64
		{D6B0BE94-C10D-4372-8F47-A52B8991E092}.Debug|Win32.ActiveCfg = Debug|Win32
		{D6B0BE94-C10D-4372-8F47-A52B8991E092}.Debug|Win32.Build.0 = Debug|Win32
		{D6B0BE94-C10D-4372-8F47-A52B8991E092}.Debug|x64.ActiveCfg = Debug|x64
		{D6B0BE94-C10D-4372-8F47-A52B8991E092}.Debug|x64.Build.0 = Debug|x64
		{D6B0BE94-C10D-4372-8F47-A52B8991E092}.Release|Win32.ActiveCfg = Release|Win32
		{D6B0BE94-C10D-4372-8F47-A52B8991E092}.Release|Win32.Build.0 = Release|Win32
		{D6B0BE94-C10D-4372-8F47-A52B8991E092}.Release|x64.ActiveCfg = Release|x64
		{D6B0BE94-C10D-4372-8F47-A52B8991E092}.Release|x64.Build.0 = Release|x64
		{33E6E2F2-A963-4A23-9144-EE5136CEE9B0}.Debug|Win32.ActiveCfg = Debug|Win32
		{33E6E2F2-A963-4A23-9144-EE5136CEE9B0}.Debug|Win32.Build.0 = Debug|Win32
		{33E6E2F2-A963-4A23-9144-EE5136CEE9B0}.Debug|x64.ActiveCfg = Debug|x64
		{33E6E2F2-A963-4A23-9144-EE5136CEE9B0}.Debug|x64.Build.0 = Debug|x64
		{33E6E2F2-A963-4A23-9144-EE5136CEE9B0}.Release|Win32.ActiveCfg = Release|Win32
		{33E6E2F2-A963-4A23-9144-EE5136CEE9B0}.Release|Win32.Build.0 = Release|Win32
		{33E6E2F2-A963-4A23-9144-EE5136CEE9B0}.Release|x64.ActiveCfg = Release|x64
		{33E6E2F2-A963-4A23-9144-EE5136CEE9B0}.Release|x64.Build.0 = Release|x64
		{99D54253-53C7-454C-93AA-E5B35F2A6583}.Debug|Win32.ActiveCfg = Debug|Win32
		{99D54253-53C7-454C-93AA-E5B35F2A6583}.Debug|Win32.Build.0 = Debug|Win32
		{99D54253-53C7-454C-93AA-E5B35F2A6583}.Debug|x64.ActiveCfg = Debug|x64
		{99D54253-53C7-454C-93AA-E5B35F2A6583}.Debug|x64.Build.0 = Debug|x64
		{99D54253-53C7-454C-93AA-E5B35F2A6583}.Release|Win32.ActiveCfg = Release|Win32
		{99D54253-53C7-454C-93AA-E5B35F2A6583}.Release|Win32.Build.0 = Release|Win32
		{99D54253-53C7-454C-93AA-E5B35F2A6583}.Release|x64.ActiveCfg = Release|x64
		{99D54253-53C7-454C-93AA-E5B35F2A6583}.Release|x64.Build.0 = Release|x64
	EndGlobalSection
	GlobalSection(SolutionProperties) = preSolution
		HideSolutionNode = FALSE
	EndGlobalSection
EndGlobal
