Microsoft Visual Studio Solution File, Format Version 11.00
# Visual C++ Express 2010
Project("{8BC9CEB8-8B4A-11D0-8D11-00A0C91BC942}") = "paralution", "paralution_cuda\paralution_cuda_VS10.vcxproj", "{C285A004-6B25-435C-8833-8D8DF980E424}"
EndProject
Project("{8BC9CEB8-8B4A-11D0-8D11-00A0C91BC942}") = "cg", "cg\cg_VS10.vcxproj", "{EDEC6E62-A722-49A7-B56D-B95443523A65}"
EndProject
Project("{8BC9CEB8-8B4A-11D0-8D11-00A0C91BC942}") = "amg", "amg\amg_VS10.vcxproj", "{0BE63D9C-1F70-43CC-B739-0B9D2DC7FAAB}"
EndProject
Project("{8BC9CEB8-8B4A-11D0-8D11-00A0C91BC942}") = "as-precond", "as-precond\as-precond_VS10.vcxproj", "{E413DC15-D41C-4E83-900E-BB60EF1A3248}"
EndProject
Project("{8BC9CEB8-8B4A-11D0-8D11-00A0C91BC942}") = "async", "async\async_VS10.vcxproj", "{EB4271BB-04B4-45AB-BF06-E8DE9AF20265}"
EndProject
Project("{8BC9CEB8-8B4A-11D0-8D11-00A0C91BC942}") = "benchmark", "benchmark\benchmark_VS10.vcxproj", "{B877BA44-3123-4EAB-AB64-B102BA891171}"
EndProject
Project("{8BC9CEB8-8B4A-11D0-8D11-00A0C91BC942}") = "bicgstab", "bicgstab\bicgstab_VS10.vcxproj", "{39CB5011-B804-4D7A-B95D-85C0FDB536C8}"
EndProject
Project("{8BC9CEB8-8B4A-11D0-8D11-00A0C91BC942}") = "block-precond", "block-precond\block-precond_VS10.vcxproj", "{E102A9BF-BE5A-4789-8A5A-E7491FFDBD92}"
EndProject
Project("{8BC9CEB8-8B4A-11D0-8D11-00A0C91BC942}") = "cg-amg", "cg-amg\cg-amg_VS10.vcxproj", "{BAF46563-A1D9-4BB4-A525-388D8A342FBF}"
EndProject
Project("{8BC9CEB8-8B4A-11D0-8D11-00A0C91BC942}") = "cmk", "cmk\cmk_VS10.vcxproj", "{E0D263C1-9943-490B-83ED-418C41564CF4}"
EndProject
Project("{8BC9CEB8-8B4A-11D0-8D11-00A0C91BC942}") = "complex", "complex\complex_VS10.vcxproj", "{656D18EB-3D0D-4F7A-823F-7203604FA206}"
EndProject
Project("{8BC9CEB8-8B4A-11D0-8D11-00A0C91BC942}") = "direct", "direct\direct_VS10.vcxproj", "{8498F493-0CBD-4BC6-84A1-EF3E97D8EF0C}"
EndProject
Project("{8BC9CEB8-8B4A-11D0-8D11-00A0C91BC942}") = "fixed-point", "fixed-point\fixed-point_VS10.vcxproj", "{F35C6B50-A5B6-4710-823B-649F26AB0433}"
EndProject
Project("{8BC9CEB8-8B4A-11D0-8D11-00A0C91BC942}") = "gmres", "gmres\gmres_VS10.vcxproj", "{B66FAC98-478E-484F-B69E-DE54AD1B4DDA}"
EndProject
Project("{8BC9CEB8-8B4A-11D0-8D11-00A0C91BC942}") = "idr", "idr\idr_VS10.vcxproj", "{53C40A3E-A6BE-4D52-8425-9EB2674DD92F}"
EndProject
Project("{8BC9CEB8-8B4A-11D0-8D11-00A0C91BC942}") = "me-preconditioner", "me-preconditioner\me-preconditioner_VS10.vcxproj", "{FA21CC4B-7931-4D31-8418-834505BDE700}"
EndProject
Project("{8BC9CEB8-8B4A-11D0-8D11-00A0C91BC942}") = "mixed-precision", "mixed-precision\mixed-precision_VS10.vcxproj", "{19FC9399-A0EE-477B-B5B6-1C2FBDA92BAE}"
EndProject
Project("{8BC9CEB8-8B4A-11D0-8D11-00A0C91BC942}") = "power-method", "power-method\power-method_VS10.vcxproj", "{1E125380-C69B-42AB-9610-EB3744143EBE}"
EndProject
Project("{8BC9CEB8-8B4A-11D0-8D11-00A0C91BC942}") = "simple-spmv", "simple-spmv\simple-spmv_VS10.vcxproj", "{810529CC-6B5E-4416-AD05-FC0A05F10305}"
EndProject
Project("{8BC9CEB8-8B4A-11D0-8D11-00A0C91BC942}") = "sp-precond", "sp-precond\sp-precond_VS10.vcxproj", "{DCB094B8-B196-4865-BED8-8EEEB8A314A4}"
EndProject
Project("{8BC9CEB8-8B4A-11D0-8D11-00A0C91BC942}") = "stencil", "stencil\stencil_VS10.vcxproj", "{0F06E04B-A299-44A3-8FF5-440392B17E29}"
EndProject
Project("{8BC9CEB8-8B4A-11D0-8D11-00A0C91BC942}") = "tns", "tns\tns_VS10.vcxproj", "{04F75F8F-6A8D-4A8C-88A6-35414D4D1BD2}"
EndProject
Global
	GlobalSection(SolutionConfigurationPlatforms) = preSolution
		Debug|Win32 = Debug|Win32
		Release|Win32 = Release|Win32
	EndGlobalSection
	GlobalSection(ProjectConfigurationPlatforms) = postSolution
		{C285A004-6B25-435C-8833-8D8DF980E424}.Debug|Win32.ActiveCfg = Debug|Win32
		{C285A004-6B25-435C-8833-8D8DF980E424}.Debug|Win32.Build.0 = Debug|Win32
		{C285A004-6B25-435C-8833-8D8DF980E424}.Release|Win32.ActiveCfg = Release|Win32
		{C285A004-6B25-435C-8833-8D8DF980E424}.Release|Win32.Build.0 = Release|Win32
		{EDEC6E62-A722-49A7-B56D-B95443523A65}.Debug|Win32.ActiveCfg = Debug|Win32
		{EDEC6E62-A722-49A7-B56D-B95443523A65}.Debug|Win32.Build.0 = Debug|Win32
		{EDEC6E62-A722-49A7-B56D-B95443523A65}.Release|Win32.ActiveCfg = Release|Win32
		{EDEC6E62-A722-49A7-B56D-B95443523A65}.Release|Win32.Build.0 = Release|Win32
		{0BE63D9C-1F70-43CC-B739-0B9D2DC7FAAB}.Debug|Win32.ActiveCfg = Debug|Win32
		{0BE63D9C-1F70-43CC-B739-0B9D2DC7FAAB}.Debug|Win32.Build.0 = Debug|Win32
		{0BE63D9C-1F70-43CC-B739-0B9D2DC7FAAB}.Release|Win32.ActiveCfg = Release|Win32
		{0BE63D9C-1F70-43CC-B739-0B9D2DC7FAAB}.Release|Win32.Build.0 = Release|Win32
		{E413DC15-D41C-4E83-900E-BB60EF1A3248}.Debug|Win32.ActiveCfg = Debug|Win32
		{E413DC15-D41C-4E83-900E-BB60EF1A3248}.Debug|Win32.Build.0 = Debug|Win32
		{E413DC15-D41C-4E83-900E-BB60EF1A3248}.Release|Win32.ActiveCfg = Release|Win32
		{E413DC15-D41C-4E83-900E-BB60EF1A3248}.Release|Win32.Build.0 = Release|Win32
		{EB4271BB-04B4-45AB-BF06-E8DE9AF20265}.Debug|Win32.ActiveCfg = Debug|Win32
		{EB4271BB-04B4-45AB-BF06-E8DE9AF20265}.Debug|Win32.Build.0 = Debug|Win32
		{EB4271BB-04B4-45AB-BF06-E8DE9AF20265}.Release|Win32.ActiveCfg = Release|Win32
		{EB4271BB-04B4-45AB-BF06-E8DE9AF20265}.Release|Win32.Build.0 = Release|Win32
		{B877BA44-3123-4EAB-AB64-B102BA891171}.Debug|Win32.ActiveCfg = Debug|Win32
		{B877BA44-3123-4EAB-AB64-B102BA891171}.Debug|Win32.Build.0 = Debug|Win32
		{B877BA44-3123-4EAB-AB64-B102BA891171}.Release|Win32.ActiveCfg = Release|Win32
		{B877BA44-3123-4EAB-AB64-B102BA891171}.Release|Win32.Build.0 = Release|Win32
		{39CB5011-B804-4D7A-B95D-85C0FDB536C8}.Debug|Win32.ActiveCfg = Debug|Win32
		{39CB5011-B804-4D7A-B95D-85C0FDB536C8}.Debug|Win32.Build.0 = Debug|Win32
		{39CB5011-B804-4D7A-B95D-85C0FDB536C8}.Release|Win32.ActiveCfg = Release|Win32
		{39CB5011-B804-4D7A-B95D-85C0FDB536C8}.Release|Win32.Build.0 = Release|Win32
		{E102A9BF-BE5A-4789-8A5A-E7491FFDBD92}.Debug|Win32.ActiveCfg = Debug|Win32
		{E102A9BF-BE5A-4789-8A5A-E7491FFDBD92}.Debug|Win32.Build.0 = Debug|Win32
		{E102A9BF-BE5A-4789-8A5A-E7491FFDBD92}.Release|Win32.ActiveCfg = Release|Win32
		{E102A9BF-BE5A-4789-8A5A-E7491FFDBD92}.Release|Win32.Build.0 = Release|Win32
		{BAF46563-A1D9-4BB4-A525-388D8A342FBF}.Debug|Win32.ActiveCfg = Debug|Win32
		{BAF46563-A1D9-4BB4-A525-388D8A342FBF}.Debug|Win32.Build.0 = Debug|Win32
		{BAF46563-A1D9-4BB4-A525-388D8A342FBF}.Release|Win32.ActiveCfg = Release|Win32
		{BAF46563-A1D9-4BB4-A525-388D8A342FBF}.Release|Win32.Build.0 = Release|Win32
		{E0D263C1-9943-490B-83ED-418C41564CF4}.Debug|Win32.ActiveCfg = Debug|Win32
		{E0D263C1-9943-490B-83ED-418C41564CF4}.Debug|Win32.Build.0 = Debug|Win32
		{E0D263C1-9943-490B-83ED-418C41564CF4}.Release|Win32.ActiveCfg = Release|Win32
		{E0D263C1-9943-490B-83ED-418C41564CF4}.Release|Win32.Build.0 = Release|Win32
		{8498F493-0CBD-4BC6-84A1-EF3E97D8EF0C}.Debug|Win32.ActiveCfg = Debug|Win32
		{8498F493-0CBD-4BC6-84A1-EF3E97D8EF0C}.Debug|Win32.Build.0 = Debug|Win32
		{8498F493-0CBD-4BC6-84A1-EF3E97D8EF0C}.Release|Win32.ActiveCfg = Release|Win32
		{8498F493-0CBD-4BC6-84A1-EF3E97D8EF0C}.Release|Win32.Build.0 = Release|Win32
		{656D18EB-3D0D-4F7A-823F-7203604FA206}.Debug|Win32.ActiveCfg = Debug|Win32
		{656D18EB-3D0D-4F7A-823F-7203604FA206}.Debug|Win32.Build.0 = Debug|Win32
		{656D18EB-3D0D-4F7A-823F-7203604FA206}.Release|Win32.ActiveCfg = Release|Win32
		{656D18EB-3D0D-4F7A-823F-7203604FA206}.Release|Win32.Build.0 = Release|Win32
		{F35C6B50-A5B6-4710-823B-649F26AB0433}.Debug|Win32.ActiveCfg = Debug|Win32
		{F35C6B50-A5B6-4710-823B-649F26AB0433}.Debug|Win32.Build.0 = Debug|Win32
		{F35C6B50-A5B6-4710-823B-649F26AB0433}.Release|Win32.ActiveCfg = Release|Win32
		{F35C6B50-A5B6-4710-823B-649F26AB0433}.Release|Win32.Build.0 = Release|Win32
		{B66FAC98-478E-484F-B69E-DE54AD1B4DDA}.Debug|Win32.ActiveCfg = Debug|Win32
		{B66FAC98-478E-484F-B69E-DE54AD1B4DDA}.Debug|Win32.Build.0 = Debug|Win32
		{B66FAC98-478E-484F-B69E-DE54AD1B4DDA}.Release|Win32.ActiveCfg = Release|Win32
		{B66FAC98-478E-484F-B69E-DE54AD1B4DDA}.Release|Win32.Build.0 = Release|Win32
		{53C40A3E-A6BE-4D52-8425-9EB2674DD92F}.Debug|Win32.ActiveCfg = Debug|Win32
		{53C40A3E-A6BE-4D52-8425-9EB2674DD92F}.Debug|Win32.Build.0 = Debug|Win32
		{53C40A3E-A6BE-4D52-8425-9EB2674DD92F}.Release|Win32.ActiveCfg = Release|Win32
		{53C40A3E-A6BE-4D52-8425-9EB2674DD92F}.Release|Win32.Build.0 = Release|Win32
		{FA21CC4B-7931-4D31-8418-834505BDE700}.Debug|Win32.ActiveCfg = Debug|Win32
		{FA21CC4B-7931-4D31-8418-834505BDE700}.Debug|Win32.Build.0 = Debug|Win32
		{FA21CC4B-7931-4D31-8418-834505BDE700}.Release|Win32.ActiveCfg = Release|Win32
		{FA21CC4B-7931-4D31-8418-834505BDE700}.Release|Win32.Build.0 = Release|Win32
		{19FC9399-A0EE-477B-B5B6-1C2FBDA92BAE}.Debug|Win32.ActiveCfg = Debug|Win32
		{19FC9399-A0EE-477B-B5B6-1C2FBDA92BAE}.Debug|Win32.Build.0 = Debug|Win32
		{19FC9399-A0EE-477B-B5B6-1C2FBDA92BAE}.Release|Win32.ActiveCfg = Release|Win32
		{19FC9399-A0EE-477B-B5B6-1C2FBDA92BAE}.Release|Win32.Build.0 = Release|Win32
		{1E125380-C69B-42AB-9610-EB3744143EBE}.Debug|Win32.ActiveCfg = Debug|Win32
		{1E125380-C69B-42AB-9610-EB3744143EBE}.Debug|Win32.Build.0 = Debug|Win32
		{1E125380-C69B-42AB-9610-EB3744143EBE}.Release|Win32.ActiveCfg = Release|Win32
		{1E125380-C69B-42AB-9610-EB3744143EBE}.Release|Win32.Build.0 = Release|Win32
		{810529CC-6B5E-4416-AD05-FC0A05F10305}.Debug|Win32.ActiveCfg = Debug|Win32
		{810529CC-6B5E-4416-AD05-FC0A05F10305}.Debug|Win32.Build.0 = Debug|Win32
		{810529CC-6B5E-4416-AD05-FC0A05F10305}.Release|Win32.ActiveCfg = Release|Win32
		{810529CC-6B5E-4416-AD05-FC0A05F10305}.Release|Win32.Build.0 = Release|Win32
		{BB0DFE3E-2D57-4173-98C0-48D68B49D851}.Debug|Win32.ActiveCfg = Debug|Win32
		{BB0DFE3E-2D57-4173-98C0-48D68B49D851}.Debug|Win32.Build.0 = Debug|Win32
		{BB0DFE3E-2D57-4173-98C0-48D68B49D851}.Release|Win32.ActiveCfg = Release|Win32
		{BB0DFE3E-2D57-4173-98C0-48D68B49D851}.Release|Win32.Build.0 = Release|Win32
		{DCB094B8-B196-4865-BED8-8EEEB8A314A4}.Debug|Win32.ActiveCfg = Debug|Win32
		{DCB094B8-B196-4865-BED8-8EEEB8A314A4}.Debug|Win32.Build.0 = Debug|Win32
		{DCB094B8-B196-4865-BED8-8EEEB8A314A4}.Release|Win32.ActiveCfg = Release|Win32
		{DCB094B8-B196-4865-BED8-8EEEB8A314A4}.Release|Win32.Build.0 = Release|Win32
		{0F06E04B-A299-44A3-8FF5-440392B17E29}.Debug|Win32.ActiveCfg = Debug|Win32
		{0F06E04B-A299-44A3-8FF5-440392B17E29}.Debug|Win32.Build.0 = Debug|Win32
		{0F06E04B-A299-44A3-8FF5-440392B17E29}.Release|Win32.ActiveCfg = Release|Win32
		{0F06E04B-A299-44A3-8FF5-440392B17E29}.Release|Win32.Build.0 = Release|Win32
		{04F75F8F-6A8D-4A8C-88A6-35414D4D1BD2}.Debug|Win32.ActiveCfg = Debug|Win32
		{04F75F8F-6A8D-4A8C-88A6-35414D4D1BD2}.Debug|Win32.Build.0 = Debug|Win32
		{04F75F8F-6A8D-4A8C-88A6-35414D4D1BD2}.Release|Win32.ActiveCfg = Release|Win32
		{04F75F8F-6A8D-4A8C-88A6-35414D4D1BD2}.Release|Win32.Build.0 = Release|Win32
	EndGlobalSection
	GlobalSection(SolutionProperties) = preSolution
		HideSolutionNode = FALSE
	EndGlobalSection
EndGlobal
